{
  "requires": true,
  "lockfileVersion": 1,
  "dependencies": {
    "material-design-icons-iconfont": {
      "version": "5.0.1",
      "resolved": "https://registry.npmjs.org/material-design-icons-iconfont/-/material-design-icons-iconfont-5.0.1.tgz",
      "integrity": "sha512-Xg6rIdGrfySTqiTZ6d+nQbcFepS6R4uKbJP0oAqyeZXJY/bX6mZDnOmmUJusqLXfhIwirs0c++a6JpqVa8RFvA==",
      "dev": true
    }
  }
}
